{
  "name": "situationship",
  "version": "0.2.0",
  "lockfileVersion": 3,
  "requires": true,
  "packages": {
    "": {
      "name": "situationship",
      "version": "0.2.0",
      "license": "MIT",
      "dependencies": {
        "rotating-file-stream": "^3.2.9"
      },
      "bin": {
        "situationship": "bin/situationship.js"
      },
      "engines": {
        "node": ">=18"
      }
    },
    "node_modules/rotating-file-stream": {
      "version": "3.2.9",
      "resolved": "https://registry.npmjs.org/rotating-file-stream/-/rotating-file-stream-3.2.9.tgz",
      "integrity": "sha512-i9i0KkHh12ryl4xtELg+0gyoFre2PJ9RcQQLzquWsiqygyYsrZLckrqqYrthhnJZGZb4g+KUHtcoWYVq34gaug==",
      "license": "MIT",
      "engines": {
        "node": ">=14.0"
      },
      "funding": {
        "url": "https://www.blockchain.com/btc/address/12p1p5q7sK75tPyuesZmssiMYr4TKzpSCN"
      }
    }
  }
}
